{
  "version": 4,
  "terraform_version": "1.3.9",
  "serial": 2,
  "lineage": "d6be1900-d56c-0100-0ada-7abaed5d2ef9",
  "outputs": {
    "registry_id": {
      "value": "523538346101",
      "type": "string"
    },
    "repository_name": {
      "value": "codewithrico-cicd-pipeline",
      "type": "string"
    },
    "repository_url": {
      "value": "523538346101.dkr.ecr.ap-northeast-2.amazonaws.com/codewithrico-cicd-pipeline",
      "type": "string"
    }
  },
  "resources": [
    {
      "mode": "managed",
      "type": "aws_ecr_repository",
      "name": "repository",
      "provider": "provider[\"registry.terraform.io/hashicorp/aws\"]",
      "instances": [
        {
          "schema_version": 0,
          "attributes": {
            "arn": "arn:aws:ecr:ap-northeast-2:523538346101:repository/codewithrico-cicd-pipeline",
            "encryption_configuration": [
              {
                "encryption_type": "AES256",
                "kms_key": ""
              }
            ],
            "force_delete": null,
            "id": "codewithrico-cicd-pipeline",
            "image_scanning_configuration": [
              {
                "scan_on_push": true
              }
            ],
            "image_tag_mutability": "MUTABLE",
            "name": "codewithrico-cicd-pipeline",
            "registry_id": "523538346101",
            "repository_url": "523538346101.dkr.ecr.ap-northeast-2.amazonaws.com/codewithrico-cicd-pipeline",
            "tags": {
              "Name": "codewithrico-cicd-pipeline"
            },
            "tags_all": {
              "Name": "codewithrico-cicd-pipeline"
            },
            "timeouts": null
          },
          "sensitive_attributes": [],
          "private": "eyJlMmJmYjczMC1lY2FhLTExZTYtOGY4OC0zNDM2M2JjN2M0YzAiOnsiZGVsZXRlIjoxMjAwMDAwMDAwMDAwfX0="
        }
      ]
    }
  ],
  "check_results": null
}
